
Microsoft Visual Studio Solution File, Format Version 12.00
# Visual Studio Version 17
VisualStudioVersion = 17.12.35527.113
MinimumVisualStudioVersion = 10.0.40219.1
Project("{2150E333-8FDC-42A3-9474-1A3956D46DE8}") = "src", "src", "{C8901786-BF5B-4025-B69E-EB90EC5458EC}"
EndProject
Project("{FAE04EC0-301F-11D3-BF4B-00C04F79EFBC}") = "Domain", "Domain\Domain.csproj", "{5A603107-912C-4264-9FD6-058BB6BFF13F}"
EndProject
Project("{FAE04EC0-301F-11D3-BF4B-00C04F79EFBC}") = "Application", "Application\Application.csproj", "{FEA67E0E-9B05-4157-855F-8FD820F92646}"
EndProject
Project("{FAE04EC0-301F-11D3-BF4B-00C04F79EFBC}") = "Infrastructure", "Infrastructure\Infrastructure.csproj", "{A1591E4A-F964-4A2C-A5C8-C7BE78E6A737}"
EndProject
Project("{FAE04EC0-301F-11D3-BF4B-00C04F79EFBC}") = "Presentation", "Presentation\Presentation.csproj", "{C4B22762-47FA-4C54-99EC-16CA9C2866F6}"
EndProject
Project("{FAE04EC0-301F-11D3-BF4B-00C04F79EFBC}") = "WebApi", "WebApi\WebApi.csproj", "{FD3C97EB-8E52-467B-8FCA-BE6D67C2AE52}"
EndProject
Global
	GlobalSection(SolutionConfigurationPlatforms) = preSolution
		Debug|Any CPU = Debug|Any CPU
		Release|Any CPU = Release|Any CPU
	EndGlobalSection
	GlobalSection(ProjectConfigurationPlatforms) = postSolution
		{5A603107-912C-4264-9FD6-058BB6BFF13F}.Debug|Any CPU.ActiveCfg = Debug|Any CPU
		{5A603107-912C-4264-9FD6-058BB6BFF13F}.Debug|Any CPU.Build.0 = Debug|Any CPU
		{5A603107-912C-4264-9FD6-058BB6BFF13F}.Release|Any CPU.ActiveCfg = Release|Any CPU
		{5A603107-912C-4264-9FD6-058BB6BFF13F}.Release|Any CPU.Build.0 = Release|Any CPU
		{FEA67E0E-9B05-4157-855F-8FD820F92646}.Debug|Any CPU.ActiveCfg = Debug|Any CPU
		{FEA67E0E-9B05-4157-855F-8FD820F92646}.Debug|Any CPU.Build.0 = Debug|Any CPU
		{FEA67E0E-9B05-4157-855F-8FD820F92646}.Release|Any CPU.ActiveCfg = Release|Any CPU
		{FEA67E0E-9B05-4157-855F-8FD820F92646}.Release|Any CPU.Build.0 = Release|Any CPU
		{A1591E4A-F964-4A2C-A5C8-C7BE78E6A737}.Debug|Any CPU.ActiveCfg = Debug|Any CPU
		{A1591E4A-F964-4A2C-A5C8-C7BE78E6A737}.Debug|Any CPU.Build.0 = Debug|Any CPU
		{A1591E4A-F964-4A2C-A5C8-C7BE78E6A737}.Release|Any CPU.ActiveCfg = Release|Any CPU
		{A1591E4A-F964-4A2C-A5C8-C7BE78E6A737}.Release|Any CPU.Build.0 = Release|Any CPU
		{C4B22762-47FA-4C54-99EC-16CA9C2866F6}.Debug|Any CPU.ActiveCfg = Debug|Any CPU
		{C4B22762-47FA-4C54-99EC-16CA9C2866F6}.Debug|Any CPU.Build.0 = Debug|Any CPU
		{C4B22762-47FA-4C54-99EC-16CA9C2866F6}.Release|Any CPU.ActiveCfg = Release|Any CPU
		{C4B22762-47FA-4C54-99EC-16CA9C2866F6}.Release|Any CPU.Build.0 = Release|Any CPU
		{FD3C97EB-8E52-467B-8FCA-BE6D67C2AE52}.Debug|Any CPU.ActiveCfg = Debug|Any CPU
		{FD3C97EB-8E52-467B-8FCA-BE6D67C2AE52}.Debug|Any CPU.Build.0 = Debug|Any CPU
		{FD3C97EB-8E52-467B-8FCA-BE6D67C2AE52}.Release|Any CPU.ActiveCfg = Release|Any CPU
		{FD3C97EB-8E52-467B-8FCA-BE6D67C2AE52}.Release|Any CPU.Build.0 = Release|Any CPU
	EndGlobalSection
	GlobalSection(SolutionProperties) = preSolution
		HideSolutionNode = FALSE
	EndGlobalSection
	GlobalSection(NestedProjects) = preSolution
		{5A603107-912C-4264-9FD6-058BB6BFF13F} = {C8901786-BF5B-4025-B69E-EB90EC5458EC}
		{FEA67E0E-9B05-4157-855F-8FD820F92646} = {C8901786-BF5B-4025-B69E-EB90EC5458EC}
		{A1591E4A-F964-4A2C-A5C8-C7BE78E6A737} = {C8901786-BF5B-4025-B69E-EB90EC5458EC}
		{C4B22762-47FA-4C54-99EC-16CA9C2866F6} = {C8901786-BF5B-4025-B69E-EB90EC5458EC}
		{FD3C97EB-8E52-467B-8FCA-BE6D67C2AE52} = {C8901786-BF5B-4025-B69E-EB90EC5458EC}
	EndGlobalSection
EndGlobal
